
Microsoft Visual Studio Solution File, Format Version 12.00
# Visual Studio 15
VisualStudioVersion = 15.0.28010.2046
MinimumVisualStudioVersion = 10.0.40219.1
Project("{8BC9CEB8-8B4A-11D0-8D11-00A0C91BC942}") = "Assignment1OOPCPP", "Assignment1OOPCPP\Assignment1OOPCPP.vcxproj", "{A0D88A17-5A13-4D5E-B3C0-FA38C39E8E37}"
EndProject
Global
	GlobalSection(SolutionConfigurationPlatforms) = preSolution
		Debug|x64 = Debug|x64
		Debug|x86 = Debug|x86
		Release|x64 = Release|x64
		Release|x86 = Release|x86
	EndGlobalSection
	GlobalSection(ProjectConfigurationPlatforms) = postSolution
		{A0D88A17-5A13-4D5E-B3C0-FA38C39E8E37}.Debug|x64.ActiveCfg = Debug|x64
		{A0D88A17-5A13-4D5E-B3C0-FA38C39E8E37}.Debug|x64.Build.0 = Debug|x64
		{A0D88A17-5A13-4D5E-B3C0-FA38C39E8E37}.Debug|x86.ActiveCfg = Debug|Win32
		{A0D88A17-5A13-4D5E-B3C0-FA38C39E8E37}.Debug|x86.Build.0 = Debug|Win32
		{A0D88A17-5A13-4D5E-B3C0-FA38C39E8E37}.Release|x64.ActiveCfg = Release|x64
		{A0D88A17-5A13-4D5E-B3C0-FA38C39E8E37}.Release|x64.Build.0 = Release|x64
		{A0D88A17-5A13-4D5E-B3C0-FA38C39E8E37}.Release|x86.ActiveCfg = Release|Win32
		{A0D88A17-5A13-4D5E-B3C0-FA38C39E8E37}.Release|x86.Build.0 = Release|Win32
	EndGlobalSection
	GlobalSection(SolutionProperties) = preSolution
		HideSolutionNode = FALSE
	EndGlobalSection
	GlobalSection(ExtensibilityGlobals) = postSolution
		SolutionGuid = {D8D414FF-EE9C-4419-981B-D23CC7BE4C5A}
	EndGlobalSection
EndGlobal
